
Microsoft Visual Studio Solution File, Format Version 12.00
# Visual Studio Version 17
VisualStudioVersion = 17.8.34330.188
MinimumVisualStudioVersion = 10.0.40219.1
Project("{FAE04EC0-301F-11D3-BF4B-00C04F79EFBC}") = "Shigure", "Shigure.csproj", "{D88EB6DE-F05D-44E5-955B-3A9CECC13C42}"
EndProject
Global
	GlobalSection(SolutionConfigurationPlatforms) = preSolution
		Debug|Any CPU = Debug|Any CPU
		Release|Any CPU = Release|Any CPU
	EndGlobalSection
	GlobalSection(ProjectConfigurationPlatforms) = postSolution
		{D88EB6DE-F05D-44E5-955B-3A9CECC13C42}.Debug|Any CPU.ActiveCfg = Debug|Any CPU
		{D88EB6DE-F05D-44E5-955B-3A9CECC13C42}.Debug|Any CPU.Build.0 = Debug|Any CPU
		{D88EB6DE-F05D-44E5-955B-3A9CECC13C42}.Release|Any CPU.ActiveCfg = Release|Any CPU
		{D88EB6DE-F05D-44E5-955B-3A9CECC13C42}.Release|Any CPU.Build.0 = Release|Any CPU
	EndGlobalSection
	GlobalSection(SolutionProperties) = preSolution
		HideSolutionNode = FALSE
	EndGlobalSection
	GlobalSection(ExtensibilityGlobals) = postSolution
		SolutionGuid = {8756F4F6-314F-40F5-BFBC-F83B27F73772}
	EndGlobalSection
EndGlobal
